
Microsoft Visual Studio Solution File, Format Version 12.00
# Visual Studio 15
VisualStudioVersion = 15.0.27428.2002
MinimumVisualStudioVersion = 10.0.40219.1
Project("{FAE04EC0-301F-11D3-BF4B-00C04F79EFBC}") = "Try.Core", "Try.Core\Try.Core.csproj", "{440C505F-EDAB-4E32-98DD-25E280BE87E4}"
EndProject
Project("{FAE04EC0-301F-11D3-BF4B-00C04F79EFBC}") = "Try.Application", "Try.Application\Try.Application.csproj", "{0D6374CA-6F06-4144-9343-E73B50537288}"
EndProject
Project("{FAE04EC0-301F-11D3-BF4B-00C04F79EFBC}") = "Try.EntityFramework", "Try.EntityFramework\Try.EntityFramework.csproj", "{36E72BBF-20CD-45F8-91B6-525DEC968755}"
EndProject
Project("{FAE04EC0-301F-11D3-BF4B-00C04F79EFBC}") = "Try.Wcf2", "Try.Wcf2\Try.Wcf2.csproj", "{506FF415-8BDC-4CC2-95BE-92E984C62F1A}"
EndProject
Project("{FAE04EC0-301F-11D3-BF4B-00C04F79EFBC}") = "Try.Web", "Try.Web\Try.Web.csproj", "{813575AA-BEDA-4E97-895F-98D5E4CD73DE}"
EndProject
Project("{2150E333-8FDC-42A3-9474-1A3956D46DE8}") = "Solution Items", "Solution Items", "{CF145807-52B1-413B-9793-EE587FA58EE9}"
	ProjectSection(SolutionItems) = preProject
		README.md = README.md
	EndProjectSection
EndProject
Global
	GlobalSection(SolutionConfigurationPlatforms) = preSolution
		Debug|Any CPU = Debug|Any CPU
		Release|Any CPU = Release|Any CPU
	EndGlobalSection
	GlobalSection(ProjectConfigurationPlatforms) = postSolution
		{440C505F-EDAB-4E32-98DD-25E280BE87E4}.Debug|Any CPU.ActiveCfg = Debug|Any CPU
		{440C505F-EDAB-4E32-98DD-25E280BE87E4}.Debug|Any CPU.Build.0 = Debug|Any CPU
		{440C505F-EDAB-4E32-98DD-25E280BE87E4}.Release|Any CPU.ActiveCfg = Release|Any CPU
		{440C505F-EDAB-4E32-98DD-25E280BE87E4}.Release|Any CPU.Build.0 = Release|Any CPU
		{0D6374CA-6F06-4144-9343-E73B50537288}.Debug|Any CPU.ActiveCfg = Debug|Any CPU
		{0D6374CA-6F06-4144-9343-E73B50537288}.Debug|Any CPU.Build.0 = Debug|Any CPU
		{0D6374CA-6F06-4144-9343-E73B50537288}.Release|Any CPU.ActiveCfg = Release|Any CPU
		{0D6374CA-6F06-4144-9343-E73B50537288}.Release|Any CPU.Build.0 = Release|Any CPU
		{36E72BBF-20CD-45F8-91B6-525DEC968755}.Debug|Any CPU.ActiveCfg = Debug|Any CPU
		{36E72BBF-20CD-45F8-91B6-525DEC968755}.Debug|Any CPU.Build.0 = Debug|Any CPU
		{36E72BBF-20CD-45F8-91B6-525DEC968755}.Release|Any CPU.ActiveCfg = Release|Any CPU
		{36E72BBF-20CD-45F8-91B6-525DEC968755}.Release|Any CPU.Build.0 = Release|Any CPU
		{506FF415-8BDC-4CC2-95BE-92E984C62F1A}.Debug|Any CPU.ActiveCfg = Debug|Any CPU
		{506FF415-8BDC-4CC2-95BE-92E984C62F1A}.Debug|Any CPU.Build.0 = Debug|Any CPU
		{506FF415-8BDC-4CC2-95BE-92E984C62F1A}.Release|Any CPU.ActiveCfg = Release|Any CPU
		{506FF415-8BDC-4CC2-95BE-92E984C62F1A}.Release|Any CPU.Build.0 = Release|Any CPU
		{813575AA-BEDA-4E97-895F-98D5E4CD73DE}.Debug|Any CPU.ActiveCfg = Debug|Any CPU
		{813575AA-BEDA-4E97-895F-98D5E4CD73DE}.Debug|Any CPU.Build.0 = Debug|Any CPU
		{813575AA-BEDA-4E97-895F-98D5E4CD73DE}.Release|Any CPU.ActiveCfg = Release|Any CPU
		{813575AA-BEDA-4E97-895F-98D5E4CD73DE}.Release|Any CPU.Build.0 = Release|Any CPU
	EndGlobalSection
	GlobalSection(SolutionProperties) = preSolution
		HideSolutionNode = FALSE
	EndGlobalSection
	GlobalSection(ExtensibilityGlobals) = postSolution
		SolutionGuid = {EC092D92-AAFE-46E4-91EC-0DFE1B18981B}
	EndGlobalSection
EndGlobal
